{
    "_meta": {
        "hash": {
            "sha256": "da2484d7000b2bd23ce4c2f151d8a7148017dfabb30ce3aeb8989f8d4a90c55b"
        },
        "pipfile-spec": 6,
        "requires": {
            "python_version": "3.9"
        },
        "sources": [
            {
                "name": "pypi",
                "url": "https://pypi.org/simple",
                "verify_ssl": true
            }
        ]
    },
    "default": {
        "certifi": {
            "hashes": [
                "sha256:78884e7c1d4b00ce3cea67b44566851c4343c120abd683433ce934a68ea58872",
                "sha256:d62a0163eb4c2344ac042ab2bdf75399a71a2d8c7d47eac2e2ee91b9d6339569"
            ],
            "version": "==2021.10.8"
        },
        "charset-normalizer": {
            "hashes": [
                "sha256:735e240d9a8506778cd7a453d97e817e536bb1fc29f4f6961ce297b9c7a917b0",
                "sha256:83fcdeb225499d6344c8f7f34684c2981270beacc32ede2e669e94f7fa544405"
            ],
            "markers": "python_version >= '3'",
            "version": "==2.0.8"
        },
        "click": {
            "hashes": [
                "sha256:353f466495adaeb40b6b5f592f9f91cb22372351c84caeb068132442a4518ef3",
                "sha256:410e932b050f5eed773c4cda94de75971c89cdb3155a72a0831139a79e5ecb5b"
            ],
            "markers": "python_version >= '3.6'",
            "version": "==8.0.3"
        },
        "croniter": {
            "hashes": [
                "sha256:0f97b361fe343301a8f66f852e7d84e4fb7f21379948f71e1bbfe10f5d015fbd",
                "sha256:a70dfc9d52de9fc1a886128b9148c89dd9e76b67d55f46516ca94d2d73d58219"
            ],
            "markers": "python_version >= '2.6' and python_version not in '3.0, 3.1, 3.2, 3.3'",
            "version": "==1.0.15"
        },
        "deprecated": {
            "hashes": [
                "sha256:43ac5335da90c31c24ba028af536a91d41d53f9e6901ddb021bcc572ce44e38d",
                "sha256:64756e3e14c8c5eea9795d93c524551432a0be75629f8f29e67ab8caf076c76d"
            ],
            "markers": "python_version >= '2.7' and python_version not in '3.0, 3.1, 3.2, 3.3'",
            "version": "==1.2.13"
        },
        "ffmpeg-python": {
            "hashes": [
                "sha256:65225db34627c578ef0e11c8b1eb528bb35e024752f6f10b78c011f6f64c4127",
                "sha256:ac441a0404e053f8b6a1113a77c0f452f1cfc62f6344a769475ffdc0f56c23c5"
            ],
            "index": "pypi",
            "version": "==0.2.0"
        },
        "future": {
            "hashes": [
                "sha256:b1bead90b70cf6ec3f0710ae53a525360fa360d306a86583adc6bf83a4db537d"
            ],
            "markers": "python_version >= '2.6' and python_version not in '3.0, 3.1, 3.2, 3.3'",
            "version": "==0.18.2"
        },
        "idna": {
            "hashes": [
                "sha256:84d9dd047ffa80596e0f246e2eab0b391788b0503584e8945f2368256d2735ff",
                "sha256:9d643ff0a55b762d5cdb124b8eaa99c66322e2157b69160bc32796e824360e6d"
            ],
            "markers": "python_version >= '3'",
            "version": "==3.3"
        },
        "mutagen": {
            "hashes": [
                "sha256:6397602efb3c2d7baebd2166ed85731ae1c1d475abca22090b7141ff5034b3e1",
                "sha256:9c9f243fcec7f410f138cb12c21c84c64fde4195481a30c9bfb05b5f003adfed"
            ],
            "markers": "python_version >= '3.5' and python_version < '4'",
            "version": "==1.45.1"
        },
        "pycryptodomex": {
            "hashes": [
                "sha256:0398366656bb55ebdb1d1d493a7175fc48ade449283086db254ac44c7d318d6d",
                "sha256:1580db5878b1d16a233550829f7c189c43005f7aa818f2f95c7dddbd6a7163cc",
                "sha256:15d25c532de744648f0976c56bd10d07b2a44b7eb2a6261ffe2497980b1102d8",
                "sha256:1d4d13c59d2cfbc0863c725f5812d66ff0d6836ba738ef26a52e1291056a1c7c",
                "sha256:1dd4271d8d022216533c3547f071662b44d703fd5dbb632c4b5e77b3ee47567f",
                "sha256:207e53bdbf3a26de6e9dcf3ebaf67ba70a61f733f84c464eca55d278211c1b71",
                "sha256:252ac9c1e1ae1c256a75539e234be3096f2d100b9f4bae42ef88067787b9b249",
                "sha256:2b586d13ef07fa6197b6348a48dbbe9525f4f496205de14edfa4e91d99e69672",
                "sha256:4c7c6418a3c08b2ebfc2cf50ce52de267618063b533083a2c73b40ec54a1b6f5",
                "sha256:5baf690d27f39f2ba22f06e8e32c5f1972573ca65db6bdbb8b2c7177a0112dab",
                "sha256:64a83ab6f54496ab968a6f21a41a620afe0a742573d609fd03dcab7210645153",
                "sha256:6a76d7821ae43df8a0e814cca32114875916b9fc2158603b364853de37eb9002",
                "sha256:7abfd84a362e4411f7c5f5758c18cbf377a2a2be64b9232e78544d75640c677e",
                "sha256:7cc5ee80b2d5ee8f59a761741cfb916a068c97cac5e700c8ce01e1927616aa2f",
                "sha256:91662b27f5aa8a6d2ad63be9a7d1a403e07bf3c2c5b265a7cc5cbadf6f988e06",
                "sha256:919cadcedad552e78349d1626115cfd246fc03ad469a4a62c91a12204f0f0d85",
                "sha256:9eace1e5420abc4f9e76de01e49caca349b7c80bda9c1643193e23a06c2a332c",
                "sha256:adc25aa8cfc537373dd46ae97863f16fd955edee14bf54d3eb52bde4e4ac8c7b",
                "sha256:bf2ea67eaa1fff0aecef6da881144f0f91e314b4123491f9a4fa8df0598e48fe",
                "sha256:c10b2f6bcbaa9aa51fe08207654100074786d423b03482c0cbe44406ca92d146",
                "sha256:c391ec5c423a374a36b90f7c8805fdf51a0410a2b5be9cebd8990e0021cb6da4",
                "sha256:c43ddcff251e8b427b3e414b026636617276e008a9d78a44a9195d4bdfcaa0fe",
                "sha256:c825611a951baad63faeb9ef1517ef96a20202d6029ae2485b729152cc703fab",
                "sha256:c91772cf6808cc2d80279e80b491c48cb688797b6d914ff624ca95d855c24ee5",
                "sha256:cf30b5e03d974874185b989839c396d799f6e2d4b4d5b2d8bd3ba464eb3cc33f",
                "sha256:ef25d682d0d9ab25c5022a298b5cba9084c7b148a3e71846df2c67ea664eacc7",
                "sha256:f35ccfa44a1dd267e392cd76d8525cfcfabee61dd070e15ad2119c54c0c31ddf",
                "sha256:fbe09e3ae95f47c7551a24781d2e348974cde4a0b33bc3b1566f6216479db2b1",
                "sha256:fe2b8c464ba335e71aed74f830bf2b2881913f8905d166f9c0fe06ca44a1cb5e",
                "sha256:ff0826f3886e85708a0e8ef7ec47020723b998cfed6ae47962d915fcb89ec780"
            ],
            "markers": "python_version >= '2.7' and python_version not in '3.0, 3.1, 3.2, 3.3, 3.4'",
            "version": "==3.11.0"
        },
        "python-dateutil": {
            "hashes": [
                "sha256:0123cacc1627ae19ddf3c27a5de5bd67ee4586fbdd6440d9748f8abb483d3e86",
                "sha256:961d03dc3453ebbc59dbdea9e4e11c5651520a876d0f4db161e8674aae935da9"
            ],
            "markers": "python_version >= '2.7' and python_version not in '3.0, 3.1, 3.2, 3.3'",
            "version": "==2.8.2"
        },
        "redis": {
            "hashes": [
                "sha256:c8481cf414474e3497ec7971a1ba9b998c8efad0f0d289a009a5bbef040894f9",
                "sha256:ccf692811f2c1fc7a92b466aa2599e4a6d2d73d5f736a2c70be600657c0da34a"
            ],
            "index": "pypi",
            "version": "==4.0.2"
        },
        "requests": {
            "hashes": [
                "sha256:6c1246513ecd5ecd4528a0906f910e8f0f9c6b8ec72030dc9fd154dc1a6efd24",
                "sha256:b8aa58f8cf793ffd8782d3d8cb19e66ef36f7aba4353eec859e74678b01b07a7"
            ],
            "index": "pypi",
            "version": "==2.26.0"
        },
        "rq": {
            "hashes": [
                "sha256:92950a3e60863de48dd1800882939bbaf089a37497ebf9f2ecf7c9fd0a4c4a95",
                "sha256:be09ec43fae9a75a4d26ea3cd520e5fa3ea2ea8cf481be33e6ec9416f0369cac"
            ],
            "index": "pypi",
            "version": "==1.10.0"
        },
        "rq-scheduler": {
            "hashes": [
                "sha256:da94e9b6badf112995ff38fe16192e4f4c43c412b3c9614684ed8c8f7ca517d2",
                "sha256:db79bb56cdbc4f7ffdd8bd659e389e91aa0db9c1abf002dc46f5dd6f0dbd2910"
            ],
            "index": "pypi",
            "version": "==0.11.0"
        },
        "six": {
            "hashes": [
                "sha256:1e61c37477a1626458e36f7b1d82aa5c9b094fa4802892072e49de9c60c4c926",
                "sha256:8abb2f1d86890a2dfb989f9a77cfcfd3e47c2a354b01111771326f8aa26e0254"
            ],
            "markers": "python_version >= '2.7' and python_version not in '3.0, 3.1, 3.2, 3.3'",
            "version": "==1.16.0"
        },
        "tenacity": {
            "hashes": [
                "sha256:43242a20e3e73291a28bcbcacfd6e000b02d3857a9a9fff56b297a27afdc932f",
                "sha256:f78f4ea81b0fabc06728c11dc2a8c01277bfc5181b321a4770471902e3eb844a"
            ],
            "index": "pypi",
            "version": "==8.0.1"
        },
        "urllib3": {
            "hashes": [
                "sha256:4987c65554f7a2dbf30c18fd48778ef124af6fab771a377103da0585e2336ece",
                "sha256:c4fdf4019605b6e5423637e01bc9fe4daef873709a7973e195ceba0a62bbc844"
            ],
            "markers": "python_version >= '2.7' and python_version not in '3.0, 3.1, 3.2, 3.3, 3.4' and python_version < '4'",
            "version": "==1.26.7"
        },
        "websockets": {
            "hashes": [
                "sha256:002071169d2e44ce8eb9e5ebac9fbce142ba4b5146eef1cfb16b177a27662657",
                "sha256:05e7f098c76b0a4743716590bb8f9706de19f1ef5148d61d0cf76495ec3edb9c",
                "sha256:08a42856158307e231b199671c4fce52df5786dd3d703f36b5d8ac76b206c485",
                "sha256:0d93b7cadc761347d98da12ec1930b5c71b2096f1ceed213973e3cda23fead9c",
                "sha256:10edd9d7d3581cfb9ff544ac09fc98cab7ee8f26778a5a8b2d5fd4b0684c5ba5",
                "sha256:14e9cf68a08d1a5d42109549201aefba473b1d925d233ae19035c876dd845da9",
                "sha256:181d2b25de5a437b36aefedaf006ecb6fa3aa1328ec0236cdde15f32f9d3ff6d",
                "sha256:189ed478395967d6a98bb293abf04e8815349e17456a0a15511f1088b6cb26e4",
                "sha256:1d858fb31e5ac992a2cdf17e874c95f8a5b1e917e1fb6b45ad85da30734b223f",
                "sha256:1dafe98698ece09b8ccba81b910643ff37198e43521d977be76caf37709cf62b",
                "sha256:3477146d1f87ead8df0f27e8960249f5248dceb7c2741e8bbec9aa5338d0c053",
                "sha256:38db6e2163b021642d0a43200ee2dec8f4980bdbda96db54fde72b283b54cbfc",
                "sha256:3a02ab91d84d9056a9ee833c254895421a6333d7ae7fff94b5c68e4fa8095519",
                "sha256:3bbf080f3892ba1dc8838786ec02899516a9d227abe14a80ef6fd17d4fb57127",
                "sha256:3ef6f73854cded34e78390dbdf40dfdcf0b89b55c0e282468ef92646fce8d13a",
                "sha256:468f0031fdbf4d643f89403a66383247eb82803430b14fa27ce2d44d2662ca37",
                "sha256:483edee5abed738a0b6a908025be47f33634c2ad8e737edd03ffa895bd600909",
                "sha256:531d8eb013a9bc6b3ad101588182aa9b6dd994b190c56df07f0d84a02b85d530",
                "sha256:5560558b0dace8312c46aa8915da977db02738ac8ecffbc61acfbfe103e10155",
                "sha256:5bb6256de5a4fb1d42b3747b4e2268706c92965d75d0425be97186615bf2f24f",
                "sha256:667c41351a6d8a34b53857ceb8343a45c85d438ee4fd835c279591db8aeb85be",
                "sha256:6b014875fae19577a392372075e937ebfebf53fd57f613df07b35ab210f31534",
                "sha256:6fdec1a0b3e5630c58e3d8704d2011c678929fce90b40908c97dfc47de8dca72",
                "sha256:7bdd3d26315db0a9cf8a0af30ca95e0aa342eda9c1377b722e71ccd86bc5d1dd",
                "sha256:7c9407719f42cb77049975410490c58a705da6af541adb64716573e550e5c9db",
                "sha256:7d6673b2753f9c5377868a53445d0c321ef41ff3c8e3b6d57868e72054bfce5f",
                "sha256:816ae7dac2c6522cfa620947ead0ca95ac654916eebf515c94d7c28de5601a6e",
                "sha256:882c0b8bdff3bf1bd7f024ce17c6b8006042ec4cceba95cf15df57e57efa471c",
                "sha256:8877861e3dee38c8d302eee0d5dbefa6663de3b46dc6a888f70cd7e82562d1f7",
                "sha256:888a5fa2a677e0c2b944f9826c756475980f1b276b6302e606f5c4ff5635be9e",
                "sha256:89e985d40d407545d5f5e2e58e1fdf19a22bd2d8cd54d20a882e29f97e930a0a",
                "sha256:97b4b68a2ddaf5c4707ae79c110bfd874c5be3c6ac49261160fb243fa45d8bbb",
                "sha256:98de71f86bdb29430fd7ba9997f47a6b10866800e3ea577598a786a785701bb0",
                "sha256:9f304a22ece735a3da8a51309bc2c010e23961a8f675fae46fdf62541ed62123",
                "sha256:9fd62c6dc83d5d35fb6a84ff82ec69df8f4657fff05f9cd6c7d9bec0dd57f0f6",
                "sha256:a249139abc62ef333e9e85064c27fefb113b16ffc5686cefc315bdaef3eefbc8",
                "sha256:b66e6d514f12c28d7a2d80bb2a48ef223342e99c449782d9831b0d29a9e88a17",
                "sha256:b68b6caecb9a0c6db537aa79750d1b592a841e4f1a380c6196091e65b2ad35f9",
                "sha256:baa83174390c0ff4fc1304fbe24393843ac7a08fdd59295759c4b439e06b1536",
                "sha256:bb01ea7b5f52e7125bdc3c5807aeaa2d08a0553979cf2d96a8b7803ea33e15e7",
                "sha256:cfae282c2aa7f0c4be45df65c248481f3509f8c40ca8b15ed96c35668ae0ff69",
                "sha256:d0d81b46a5c87d443e40ce2272436da8e6092aa91f5fbeb60d1be9f11eff5b4c",
                "sha256:d9b245db5a7e64c95816e27d72830e51411c4609c05673d1ae81eb5d23b0be54",
                "sha256:ddab2dc69ee5ae27c74dbfe9d7bb6fee260826c136dca257faa1a41d1db61a89",
                "sha256:e1b60fd297adb9fc78375778a5220da7f07bf54d2a33ac781319650413fc6a60",
                "sha256:e259be0863770cb91b1a6ccf6907f1ac2f07eff0b7f01c249ed751865a70cb0d",
                "sha256:e3872ae57acd4306ecf937d36177854e218e999af410a05c17168cd99676c512",
                "sha256:e4819c6fb4f336fd5388372cb556b1f3a165f3f68e66913d1a2fc1de55dc6f58"
            ],
            "markers": "python_version >= '3.7'",
            "version": "==10.1"
        },
        "wrapt": {
            "hashes": [
                "sha256:086218a72ec7d986a3eddb7707c8c4526d677c7b35e355875a0fe2918b059179",
                "sha256:0877fe981fd76b183711d767500e6b3111378ed2043c145e21816ee589d91096",
                "sha256:0a017a667d1f7411816e4bf214646d0ad5b1da2c1ea13dec6c162736ff25a374",
                "sha256:0cb23d36ed03bf46b894cfec777eec754146d68429c30431c99ef28482b5c1df",
                "sha256:1fea9cd438686e6682271d36f3481a9f3636195578bab9ca3382e2f5f01fc185",
                "sha256:220a869982ea9023e163ba915077816ca439489de6d2c09089b219f4e11b6785",
                "sha256:25b1b1d5df495d82be1c9d2fad408f7ce5ca8a38085e2da41bb63c914baadff7",
                "sha256:2dded5496e8f1592ec27079b28b6ad2a1ef0b9296d270f77b8e4a3a796cf6909",
                "sha256:2ebdde19cd3c8cdf8df3fc165bc7827334bc4e353465048b36f7deeae8ee0918",
                "sha256:43e69ffe47e3609a6aec0fe723001c60c65305784d964f5007d5b4fb1bc6bf33",
                "sha256:46f7f3af321a573fc0c3586612db4decb7eb37172af1bc6173d81f5b66c2e068",
                "sha256:47f0a183743e7f71f29e4e21574ad3fa95676136f45b91afcf83f6a050914829",
                "sha256:498e6217523111d07cd67e87a791f5e9ee769f9241fcf8a379696e25806965af",
                "sha256:4b9c458732450ec42578b5642ac53e312092acf8c0bfce140ada5ca1ac556f79",
                "sha256:51799ca950cfee9396a87f4a1240622ac38973b6df5ef7a41e7f0b98797099ce",
                "sha256:5601f44a0f38fed36cc07db004f0eedeaadbdcec90e4e90509480e7e6060a5bc",
                "sha256:5f223101f21cfd41deec8ce3889dc59f88a59b409db028c469c9b20cfeefbe36",
                "sha256:610f5f83dd1e0ad40254c306f4764fcdc846641f120c3cf424ff57a19d5f7ade",
                "sha256:6a03d9917aee887690aa3f1747ce634e610f6db6f6b332b35c2dd89412912bca",
                "sha256:705e2af1f7be4707e49ced9153f8d72131090e52be9278b5dbb1498c749a1e32",
                "sha256:766b32c762e07e26f50d8a3468e3b4228b3736c805018e4b0ec8cc01ecd88125",
                "sha256:77416e6b17926d953b5c666a3cb718d5945df63ecf922af0ee576206d7033b5e",
                "sha256:778fd096ee96890c10ce96187c76b3e99b2da44e08c9e24d5652f356873f6709",
                "sha256:78dea98c81915bbf510eb6a3c9c24915e4660302937b9ae05a0947164248020f",
                "sha256:7dd215e4e8514004c8d810a73e342c536547038fb130205ec4bba9f5de35d45b",
                "sha256:7dde79d007cd6dfa65afe404766057c2409316135cb892be4b1c768e3f3a11cb",
                "sha256:81bd7c90d28a4b2e1df135bfbd7c23aee3050078ca6441bead44c42483f9ebfb",
                "sha256:85148f4225287b6a0665eef08a178c15097366d46b210574a658c1ff5b377489",
                "sha256:865c0b50003616f05858b22174c40ffc27a38e67359fa1495605f96125f76640",
                "sha256:87883690cae293541e08ba2da22cacaae0a092e0ed56bbba8d018cc486fbafbb",
                "sha256:8aab36778fa9bba1a8f06a4919556f9f8c7b33102bd71b3ab307bb3fecb21851",
                "sha256:8c73c1a2ec7c98d7eaded149f6d225a692caa1bd7b2401a14125446e9e90410d",
                "sha256:936503cb0a6ed28dbfa87e8fcd0a56458822144e9d11a49ccee6d9a8adb2ac44",
                "sha256:944b180f61f5e36c0634d3202ba8509b986b5fbaf57db3e94df11abee244ba13",
                "sha256:96b81ae75591a795d8c90edc0bfaab44d3d41ffc1aae4d994c5aa21d9b8e19a2",
                "sha256:981da26722bebb9247a0601e2922cedf8bb7a600e89c852d063313102de6f2cb",
                "sha256:ae9de71eb60940e58207f8e71fe113c639da42adb02fb2bcbcaccc1ccecd092b",
                "sha256:b73d4b78807bd299b38e4598b8e7bd34ed55d480160d2e7fdaabd9931afa65f9",
                "sha256:d4a5f6146cfa5c7ba0134249665acd322a70d1ea61732723c7d3e8cc0fa80755",
                "sha256:dd91006848eb55af2159375134d724032a2d1d13bcc6f81cd8d3ed9f2b8e846c",
                "sha256:e05e60ff3b2b0342153be4d1b597bbcfd8330890056b9619f4ad6b8d5c96a81a",
                "sha256:e6906d6f48437dfd80464f7d7af1740eadc572b9f7a4301e7dd3d65db285cacf",
                "sha256:e92d0d4fa68ea0c02d39f1e2f9cb5bc4b4a71e8c442207433d8db47ee79d7aa3",
                "sha256:e94b7d9deaa4cc7bac9198a58a7240aaf87fe56c6277ee25fa5b3aa1edebd229",
                "sha256:ea3e746e29d4000cd98d572f3ee2a6050a4f784bb536f4ac1f035987fc1ed83e",
                "sha256:ec7e20258ecc5174029a0f391e1b948bf2906cd64c198a9b8b281b811cbc04de",
                "sha256:ec9465dd69d5657b5d2fa6133b3e1e989ae27d29471a672416fd729b429eb554",
                "sha256:f122ccd12fdc69628786d0c947bdd9cb2733be8f800d88b5a37c57f1f1d73c10",
                "sha256:f99c0489258086308aad4ae57da9e8ecf9e1f3f30fa35d5e170b4d4896554d80",
                "sha256:f9c51d9af9abb899bd34ace878fbec8bf357b3194a10c4e8e0a25512826ef056",
                "sha256:fd76c47f20984b43d93de9a82011bb6e5f8325df6c9ed4d8310029a55fa361ea"
            ],
            "markers": "python_version >= '2.7' and python_version not in '3.0, 3.1, 3.2, 3.3, 3.4'",
            "version": "==1.13.3"
        },
        "yt-dlp": {
            "hashes": [
                "sha256:9c3d85fdeeac3d61cfc85fd72d55fe6b63fcf1d19d05e2841cf2e544922ed157",
                "sha256:f0ad6ae2e2838b608df2fd125f2a777a7ad832d3e757ee6d4583b84b21e44388"
            ],
            "index": "pypi",
            "version": "==2021.11.10.1"
        }
    },
    "develop": {}
}
